
Microsoft Visual Studio Solution File, Format Version 12.00
# Visual Studio 15
VisualStudioVersion = 15.0.28307.572
MinimumVisualStudioVersion = 10.0.40219.1
Project("{8BC9CEB8-8B4A-11D0-8D11-00A0C91BC942}") = "FloorDecorator", "FloorDecorator\FloorDecorator.vcxproj", "{E75AF62B-3526-441E-AAC9-7D413876B584}"
EndProject
Global
	GlobalSection(SolutionConfigurationPlatforms) = preSolution
		Debug|x64 = Debug|x64
		Debug|x86 = Debug|x86
		Release|x64 = Release|x64
		Release|x86 = Release|x86
	EndGlobalSection
	GlobalSection(ProjectConfigurationPlatforms) = postSolution
		{E75AF62B-3526-441E-AAC9-7D413876B584}.Debug|x64.ActiveCfg = Debug|x64
		{E75AF62B-3526-441E-AAC9-7D413876B584}.Debug|x64.Build.0 = Debug|x64
		{E75AF62B-3526-441E-AAC9-7D413876B584}.Debug|x86.ActiveCfg = Debug|Win32
		{E75AF62B-3526-441E-AAC9-7D413876B584}.Debug|x86.Build.0 = Debug|Win32
		{E75AF62B-3526-441E-AAC9-7D413876B584}.Release|x64.ActiveCfg = Release|x64
		{E75AF62B-3526-441E-AAC9-7D413876B584}.Release|x64.Build.0 = Release|x64
		{E75AF62B-3526-441E-AAC9-7D413876B584}.Release|x86.ActiveCfg = Release|Win32
		{E75AF62B-3526-441E-AAC9-7D413876B584}.Release|x86.Build.0 = Release|Win32
	EndGlobalSection
	GlobalSection(SolutionProperties) = preSolution
		HideSolutionNode = FALSE
	EndGlobalSection
	GlobalSection(ExtensibilityGlobals) = postSolution
		SolutionGuid = {066951DD-B319-42A6-889F-6685B1A7D09E}
	EndGlobalSection
EndGlobal
